
Microsoft Visual Studio Solution File, Format Version 12.00
Project("{FAE04EC0-301F-11D3-BF4B-00C04F79EFBC}") = "MediaToolkit", "MediaToolkit\MediaToolkit.csproj", "{A38757AB-35DF-4226-9752-9B0CDCED9650}"
EndProject
Project("{FAE04EC0-301F-11D3-BF4B-00C04F79EFBC}") = "MediaToolkit.Core", "MediaToolkit.Core\MediaToolkit.Core.csproj", "{8523C57F-4281-4EA3-A6A7-DE56516F6493}"
EndProject
Project("{FAE04EC0-301F-11D3-BF4B-00C04F79EFBC}") = "MediaToolkit.Core.Test", "MediaToolkit.Core.Test\MediaToolkit.Core.Test.csproj", "{31DFFE5B-2120-4C6C-B14F-7FDC550950C3}"
EndProject
Project("{FAE04EC0-301F-11D3-BF4B-00C04F79EFBC}") = "MediaToolkit.Test", "MediaToolkit.Test\MediaToolkit.Test.csproj", "{167934EB-D2E6-4B6B-996B-A70A05E97D4D}"
EndProject
Global
	GlobalSection(SolutionConfigurationPlatforms) = preSolution
		Debug|Any CPU = Debug|Any CPU
		Release|Any CPU = Release|Any CPU
	EndGlobalSection
	GlobalSection(ProjectConfigurationPlatforms) = postSolution
		{A38757AB-35DF-4226-9752-9B0CDCED9650}.Debug|Any CPU.ActiveCfg = Debug|Any CPU
		{A38757AB-35DF-4226-9752-9B0CDCED9650}.Debug|Any CPU.Build.0 = Debug|Any CPU
		{A38757AB-35DF-4226-9752-9B0CDCED9650}.Release|Any CPU.ActiveCfg = Release|Any CPU
		{A38757AB-35DF-4226-9752-9B0CDCED9650}.Release|Any CPU.Build.0 = Release|Any CPU
		{8523C57F-4281-4EA3-A6A7-DE56516F6493}.Debug|Any CPU.ActiveCfg = Debug|Any CPU
		{8523C57F-4281-4EA3-A6A7-DE56516F6493}.Debug|Any CPU.Build.0 = Debug|Any CPU
		{8523C57F-4281-4EA3-A6A7-DE56516F6493}.Release|Any CPU.ActiveCfg = Release|Any CPU
		{8523C57F-4281-4EA3-A6A7-DE56516F6493}.Release|Any CPU.Build.0 = Release|Any CPU
		{31DFFE5B-2120-4C6C-B14F-7FDC550950C3}.Debug|Any CPU.ActiveCfg = Debug|Any CPU
		{31DFFE5B-2120-4C6C-B14F-7FDC550950C3}.Debug|Any CPU.Build.0 = Debug|Any CPU
		{31DFFE5B-2120-4C6C-B14F-7FDC550950C3}.Release|Any CPU.ActiveCfg = Release|Any CPU
		{31DFFE5B-2120-4C6C-B14F-7FDC550950C3}.Release|Any CPU.Build.0 = Release|Any CPU
		{167934EB-D2E6-4B6B-996B-A70A05E97D4D}.Debug|Any CPU.ActiveCfg = Debug|Any CPU
		{167934EB-D2E6-4B6B-996B-A70A05E97D4D}.Debug|Any CPU.Build.0 = Debug|Any CPU
		{167934EB-D2E6-4B6B-996B-A70A05E97D4D}.Release|Any CPU.ActiveCfg = Release|Any CPU
		{167934EB-D2E6-4B6B-996B-A70A05E97D4D}.Release|Any CPU.Build.0 = Release|Any CPU
	EndGlobalSection
EndGlobal
